# This file is autogenerated, do not edit; changes may be undone by the next 'dep ensure'.


[[projects]]
  branch = "master"
  name = "github.com/acoshift/header"
  packages = ["."]
  revision = "fbb24d14e0c3216d7c8dec20767dadd2871403fb"

[[projects]]
  name = "github.com/acoshift/hime"
  packages = ["."]
  revision = "e35f606db7dc09b408959fdb64e75abd7ae2c60a"
  version = "v0.8.1"

[[projects]]
  name = "github.com/acoshift/httprouter"
  packages = ["."]
  revision = "98dda7412f4aee08d0b075996e9eabe265a7cd8d"
  version = "v2.2.1"

[[projects]]
  name = "github.com/acoshift/middleware"
  packages = ["."]
  revision = "3d1c5b32733f1f2cd435fa8fb448c301855f272e"
  version = "v0.4.1"

[[projects]]
  name = "github.com/acoshift/webstatic"
  packages = ["."]
  revision = "3c215684dd1f8d6141f2b04ac71b1a080dc27c60"
  version = "v2.1.1"

[[projects]]
  name = "github.com/google/brotli"
  packages = ["go/cbrotli"]
  revision = "b601fe817bd3217cb144bbb380a43cae8e847388"
  version = "v1.0.5"

[[projects]]
  name = "github.com/tdewolff/minify"
  packages = [
    ".",
    "css",
    "html",
    "js"
  ]
  revision = "8d72a4127ae33b755e95bffede9b92e396267ce2"
  version = "v2.3.5"

[[projects]]
  name = "github.com/tdewolff/parse"
  packages = [
    ".",
    "buffer",
    "css",
    "html",
    "js",
    "strconv"
  ]
  revision = "d739d6fccb0971177e06352fea02d3552625efb1"
  version = "v2.3.3"

[[projects]]
  name = "gopkg.in/yaml.v2"
  packages = ["."]
  revision = "5420a8b6744d3b0345ab293f6fcba19c978f1183"
  version = "v2.2.1"

[solve-meta]
  analyzer-name = "dep"
  analyzer-version = 1
  inputs-digest = "d5389268686e3cd27b53383dda44f0951c729600feac0f0ca612e38956a356bb"
  solver-name = "gps-cdcl"
  solver-version = 1
